
Microsoft Visual Studio Solution File, Format Version 12.00
# Visual Studio Version 17
VisualStudioVersion = 17.7.34024.191
MinimumVisualStudioVersion = 10.0.40219.1
Project("{FAE04EC0-301F-11D3-BF4B-00C04F79EFBC}") = "Course_Exer_Udemy", "Course_Exer_Udemy\Course_Exer_Udemy.csproj", "{E9225CA5-B716-4393-BEF2-958D86A2734B}"
EndProject
Global
	GlobalSection(SolutionConfigurationPlatforms) = preSolution
		Debug|Any CPU = Debug|Any CPU
		Release|Any CPU = Release|Any CPU
	EndGlobalSection
	GlobalSection(ProjectConfigurationPlatforms) = postSolution
		{E9225CA5-B716-4393-BEF2-958D86A2734B}.Debug|Any CPU.ActiveCfg = Debug|Any CPU
		{E9225CA5-B716-4393-BEF2-958D86A2734B}.Debug|Any CPU.Build.0 = Debug|Any CPU
		{E9225CA5-B716-4393-BEF2-958D86A2734B}.Release|Any CPU.ActiveCfg = Release|Any CPU
		{E9225CA5-B716-4393-BEF2-958D86A2734B}.Release|Any CPU.Build.0 = Release|Any CPU
	EndGlobalSection
	GlobalSection(SolutionProperties) = preSolution
		HideSolutionNode = FALSE
	EndGlobalSection
	GlobalSection(ExtensibilityGlobals) = postSolution
		SolutionGuid = {FBCA3BEC-8421-4AE8-A506-069C507DBB0D}
	EndGlobalSection
EndGlobal
